
Microsoft Visual Studio Solution File, Format Version 12.00
# Visual Studio Version 17
VisualStudioVersion = 17.13.35825.156 d17.13
MinimumVisualStudioVersion = 10.0.40219.1
Project("{FAE04EC0-301F-11D3-BF4B-00C04F79EFBC}") = "SalesWebMVC", "SalesWebMVC\SalesWebMVC.csproj", "{3E0FA8AC-3FE5-49B3-9EEC-818B75D1045F}"
EndProject
Global
	GlobalSection(SolutionConfigurationPlatforms) = preSolution
		Debug|Any CPU = Debug|Any CPU
		Release|Any CPU = Release|Any CPU
	EndGlobalSection
	GlobalSection(ProjectConfigurationPlatforms) = postSolution
		{3E0FA8AC-3FE5-49B3-9EEC-818B75D1045F}.Debug|Any CPU.ActiveCfg = Debug|Any CPU
		{3E0FA8AC-3FE5-49B3-9EEC-818B75D1045F}.Debug|Any CPU.Build.0 = Debug|Any CPU
		{3E0FA8AC-3FE5-49B3-9EEC-818B75D1045F}.Release|Any CPU.ActiveCfg = Release|Any CPU
		{3E0FA8AC-3FE5-49B3-9EEC-818B75D1045F}.Release|Any CPU.Build.0 = Release|Any CPU
	EndGlobalSection
	GlobalSection(SolutionProperties) = preSolution
		HideSolutionNode = FALSE
	EndGlobalSection
	GlobalSection(ExtensibilityGlobals) = postSolution
		SolutionGuid = {6A1388E9-78B6-4BD9-AB32-AABB4E18EF46}
	EndGlobalSection
EndGlobal
